// !$*UTF8*$!
{
	archiveVersion = 1;
	classes = {
	};
	objectVersion = 56;
	objects = {

/* Begin PBXBuildFile section */
		20A38D327A1B42B28FD8552E /* HistoryClipboardApp.swift in Sources */ = {isa = PBXBuildFile; fileRef = F24891D3FBCF4107902AF77E /* HistoryClipboardApp.swift */; };
		95A48F834DE74D9CBC0EE418 /* ClipboardItem.swift in Sources */ = {isa = PBXBuildFile; fileRef = E519F36603974A28B619646F /* ClipboardItem.swift */; };
		BD7261C7F95A4BE192CE0EC0 /* DataStore.swift in Sources */ = {isa = PBXBuildFile; fileRef = E86DEA9E5ACD485BBC07EA2E /* DataStore.swift */; };
		547C2D4BC7474E92BEBEF1CD /* ClipboardMonitor.swift in Sources */ = {isa = PBXBuildFile; fileRef = 4B7545CAA0034D0EB817E7BC /* ClipboardMonitor.swift */; };
		1A6ACD501C624D70A5808215 /* PasteService.swift in Sources */ = {isa = PBXBuildFile; fileRef = 9680651EBEF842A5AA24EA95 /* PasteService.swift */; };
		CE0D584B73EC47A280A0B3C6 /* MenuBarView.swift in Sources */ = {isa = PBXBuildFile; fileRef = 3B3A97FDBFD54E71B0C33955 /* MenuBarView.swift */; };
		F2151AB5430947058546B378 /* MainWindowView.swift in Sources */ = {isa = PBXBuildFile; fileRef = 6F1E573E41D7475B95973867 /* MainWindowView.swift */; };
		09CF34D3CCC04DBC9B612243 /* ClipboardCard.swift in Sources */ = {isa = PBXBuildFile; fileRef = 4D5D8D51B0B440E6B06B2B0A /* ClipboardCard.swift */; };
		BCED9CB85E2C4E44B81DB271 /* SearchBar.swift in Sources */ = {isa = PBXBuildFile; fileRef = 712B70F09AA547C2B4BC7194 /* SearchBar.swift */; };
		D447917B46A446C2B5F0B616 /* SettingsView.swift in Sources */ = {isa = PBXBuildFile; fileRef = EFD61FAC4A424E53A656FC9C /* SettingsView.swift */; };
		A78F331193A444688DE2510C /* Color+Hex.swift in Sources */ = {isa = PBXBuildFile; fileRef = 1F09F135489D44819614D243 /* Color+Hex.swift */; };
		864FD0F8586E40B19B6C46F5 /* DateFormatter+Extensions.swift in Sources */ = {isa = PBXBuildFile; fileRef = 5C1E7E0BF0B847619FE7A95F /* DateFormatter+Extensions.swift */; };
		C7B883F51C104DCF98C80DDD /* LocalizationService.swift in Sources */ = {isa = PBXBuildFile; fileRef = CB35D207DAE44B1CAB4B51B5 /* LocalizationService.swift */; };
		03C5EE1C707F40ED89A15640 /* Assets.xcassets in Resources */ = {isa = PBXBuildFile; fileRef = 5C2380B281204591ADE9E44D /* Assets.xcassets */; };
		5D907B8F453F42DFAB14CA94 /* Info.plist in Resources */ = {isa = PBXBuildFile; fileRef = 5AF208D20A05496A95885672 /* Info.plist */; };
/* End PBXBuildFile section */
/* Begin PBXFileReference section */
		69111D2D2B8B43E0820357F5 /* ClipboardManager.app */ = {isa = PBXFileReference; explicitFileType = wrapper.application; includeInIndex = 0; path = "ClipboardManager.app"; sourceTree = BUILT_PRODUCTS_DIR; };
		F24891D3FBCF4107902AF77E /* HistoryClipboardApp.swift */ = {isa = PBXFileReference; lastKnownFileType = sourcecode.swift; name = "HistoryClipboardApp.swift"; path = "HistoryClipboardApp.swift"; sourceTree = "<group>"; };
		E519F36603974A28B619646F /* ClipboardItem.swift */ = {isa = PBXFileReference; lastKnownFileType = sourcecode.swift; name = "ClipboardItem.swift"; path = "ClipboardItem.swift"; sourceTree = "<group>"; };
		E86DEA9E5ACD485BBC07EA2E /* DataStore.swift */ = {isa = PBXFileReference; lastKnownFileType = sourcecode.swift; name = "DataStore.swift"; path = "DataStore.swift"; sourceTree = "<group>"; };
		4B7545CAA0034D0EB817E7BC /* ClipboardMonitor.swift */ = {isa = PBXFileReference; lastKnownFileType = sourcecode.swift; name = "ClipboardMonitor.swift"; path = "ClipboardMonitor.swift"; sourceTree = "<group>"; };
		9680651EBEF842A5AA24EA95 /* PasteService.swift */ = {isa = PBXFileReference; lastKnownFileType = sourcecode.swift; name = "PasteService.swift"; path = "PasteService.swift"; sourceTree = "<group>"; };
		3B3A97FDBFD54E71B0C33955 /* MenuBarView.swift */ = {isa = PBXFileReference; lastKnownFileType = sourcecode.swift; name = "MenuBarView.swift"; path = "MenuBarView.swift"; sourceTree = "<group>"; };
		6F1E573E41D7475B95973867 /* MainWindowView.swift */ = {isa = PBXFileReference; lastKnownFileType = sourcecode.swift; name = "MainWindowView.swift"; path = "MainWindowView.swift"; sourceTree = "<group>"; };
		4D5D8D51B0B440E6B06B2B0A /* ClipboardCard.swift */ = {isa = PBXFileReference; lastKnownFileType = sourcecode.swift; name = "ClipboardCard.swift"; path = "ClipboardCard.swift"; sourceTree = "<group>"; };
		712B70F09AA547C2B4BC7194 /* SearchBar.swift */ = {isa = PBXFileReference; lastKnownFileType = sourcecode.swift; name = "SearchBar.swift"; path = "SearchBar.swift"; sourceTree = "<group>"; };
		EFD61FAC4A424E53A656FC9C /* SettingsView.swift */ = {isa = PBXFileReference; lastKnownFileType = sourcecode.swift; name = "SettingsView.swift"; path = "SettingsView.swift"; sourceTree = "<group>"; };
		1F09F135489D44819614D243 /* Color+Hex.swift */ = {isa = PBXFileReference; lastKnownFileType = sourcecode.swift; name = "Color+Hex.swift"; path = "Color+Hex.swift"; sourceTree = "<group>"; };
		5C1E7E0BF0B847619FE7A95F /* DateFormatter+Extensions.swift */ = {isa = PBXFileReference; lastKnownFileType = sourcecode.swift; name = "DateFormatter+Extensions.swift"; path = "DateFormatter+Extensions.swift"; sourceTree = "<group>"; };
		CB35D207DAE44B1CAB4B51B5 /* LocalizationService.swift */ = {isa = PBXFileReference; lastKnownFileType = sourcecode.swift; name = "LocalizationService.swift"; path = "LocalizationService.swift"; sourceTree = "<group>"; };
		5C2380B281204591ADE9E44D /* Assets.xcassets */ = {isa = PBXFileReference; lastKnownFileType = folder.assetcatalog; path = Assets.xcassets; sourceTree = "<group>"; };
		5AF208D20A05496A95885672 /* Info.plist */ = {isa = PBXFileReference; lastKnownFileType = text.plist.xml; name = "Info.plist"; path = "Info.plist"; sourceTree = "<group>"; };
		842261B77EC749B7B622760B /* ClipboardManager.entitlements */ = {isa = PBXFileReference; lastKnownFileType = text.plist.entitlements; name = "ClipboardManager.entitlements"; path = "ClipboardManager.entitlements"; sourceTree = "<group>"; };
/* End PBXFileReference section */
/* Begin PBXGroup section */
		A2B763CB84A241DA853CE061 /* Products */ = {isa = PBXGroup; children = (69111D2D2B8B43E0820357F5); sourceTree = "<group>"; };
		A496AF643F4748B8ABF64C7A /* Models */ = {isa = PBXGroup; children = (E519F36603974A28B619646F); path = "Models"; sourceTree = "<group>"; };
		751B5B9379AA4E09811BE626 /* Services */ = {isa = PBXGroup; children = (E86DEA9E5ACD485BBC07EA2E, 4B7545CAA0034D0EB817E7BC, 9680651EBEF842A5AA24EA95); path = "Services"; sourceTree = "<group>"; };
		663FB9249B5349E2A2EC1D91 /* MenuBar */ = {isa = PBXGroup; children = (3B3A97FDBFD54E71B0C33955); path = "MenuBar"; sourceTree = "<group>"; };
		44305BF02CE945059FA60453 /* MainWindow */ = {isa = PBXGroup; children = (6F1E573E41D7475B95973867, 4D5D8D51B0B440E6B06B2B0A, 712B70F09AA547C2B4BC7194); path = "MainWindow"; sourceTree = "<group>"; };
		32285537885B46DA88CF85A1 /* Settings */ = {isa = PBXGroup; children = (EFD61FAC4A424E53A656FC9C); path = "Settings"; sourceTree = "<group>"; };
		2F18D099065045109DEC32E3 /* Views */ = {isa = PBXGroup; children = (663FB9249B5349E2A2EC1D91, 44305BF02CE945059FA60453, 32285537885B46DA88CF85A1); path = "Views"; sourceTree = "<group>"; };
		FD12AE4415D74126A4527C39 /* Utils */ = {isa = PBXGroup; children = (1F09F135489D44819614D243, 5C1E7E0BF0B847619FE7A95F, CB35D207DAE44B1CAB4B51B5); path = "Utils"; sourceTree = "<group>"; };
		2EF1DAEF3591431B85CB449E /* Assets.xcassets */ = {isa = PBXGroup; children = (5C2380B281204591ADE9E44D); sourceTree = "<group>"; };
		96C605BDF3264C1EB9D810AD /* ClipboardManager */ = {isa = PBXGroup; children = (F24891D3FBCF4107902AF77E, A496AF643F4748B8ABF64C7A, 751B5B9379AA4E09811BE626, 2F18D099065045109DEC32E3, FD12AE4415D74126A4527C39, 2EF1DAEF3591431B85CB449E, 5AF208D20A05496A95885672, 842261B77EC749B7B622760B); path = "ClipboardManager"; sourceTree = "<group>"; };
		279A4F422C8C47BEB3ACBC4C /*  */ = {isa = PBXGroup; children = (96C605BDF3264C1EB9D810AD, A2B763CB84A241DA853CE061); sourceTree = "<group>"; };
/* End PBXGroup section */
/* Begin PBXNativeTarget section */
		685986BD9DAB4B7382836625 /* ClipboardManager */ = {isa = PBXNativeTarget; buildConfigurationList = 05044BB4E8714C4DA4DC9E58; buildPhases = (9395ED74113D4D8CBFD1F18D, 112263560B9E402CAD2EE791, 0D44F7572A284888AE6B04F0); buildRules = (); dependencies = (); name = "ClipboardManager"; productName = "ClipboardManager"; productReference = 69111D2D2B8B43E0820357F5; productType = "com.apple.product-type.application"; };
/* End PBXNativeTarget section */
/* Begin PBXProject section */
		EA1721212DA846948E56112B /* Project object */ = {isa = PBXProject; attributes = {BuildIndependentTargetsInParallel = 1; LastSwiftUpdateCheck = 2600; LastUpgradeCheck = 2600; TargetAttributes = {685986BD9DAB4B7382836625 = {CreatedOnToolsVersion = 26.5; }; }; }; buildConfigurationList = E51D2F43C827492B99BE70A9; compatibilityVersion = "Xcode 14.0"; developmentRegion = "zh-Hans"; hasScannedForEncodings = 0; knownRegions = (zh-Hans, en, Base); mainGroup = 279A4F422C8C47BEB3ACBC4C; productRefGroup = A2B763CB84A241DA853CE061; projectDirPath = ""; projectRoot = ""; targets = (685986BD9DAB4B7382836625); };
/* End PBXProject section */
/* Begin PBXSourcesBuildPhase section */
		9395ED74113D4D8CBFD1F18D /* SourcesBuildPhase */ = {isa = PBXSourcesBuildPhase; buildActionMask = 2147483647; files = (20A38D327A1B42B28FD8552E /* HistoryClipboardApp.swift in Sources */, 95A48F834DE74D9CBC0EE418 /* ClipboardItem.swift in Sources */, BD7261C7F95A4BE192CE0EC0 /* DataStore.swift in Sources */, 547C2D4BC7474E92BEBEF1CD /* ClipboardMonitor.swift in Sources */, 1A6ACD501C624D70A5808215 /* PasteService.swift in Sources */, CE0D584B73EC47A280A0B3C6 /* MenuBarView.swift in Sources */, F2151AB5430947058546B378 /* MainWindowView.swift in Sources */, 09CF34D3CCC04DBC9B612243 /* ClipboardCard.swift in Sources */, BCED9CB85E2C4E44B81DB271 /* SearchBar.swift in Sources */, D447917B46A446C2B5F0B616 /* SettingsView.swift in Sources */, A78F331193A444688DE2510C /* Color+Hex.swift in Sources */, 864FD0F8586E40B19B6C46F5 /* DateFormatter+Extensions.swift in Sources */, C7B883F51C104DCF98C80DDD /* LocalizationService.swift in Sources */); runOnlyForDeploymentPostprocessing = 0; };
/* End PBXSourcesBuildPhase section */
/* Begin PBXFrameworksBuildPhase section */
		112263560B9E402CAD2EE791 /* FrameworksBuildPhase */ = {isa = PBXFrameworksBuildPhase; buildActionMask = 2147483647; files = (); runOnlyForDeploymentPostprocessing = 0; };
/* End PBXFrameworksBuildPhase section */
/* Begin PBXResourcesBuildPhase section */
		0D44F7572A284888AE6B04F0 /* ResourcesBuildPhase */ = {isa = PBXResourcesBuildPhase; buildActionMask = 2147483647; files = (03C5EE1C707F40ED89A15640 /* Assets.xcassets in Resources */); runOnlyForDeploymentPostprocessing = 0; };
/* End PBXResourcesBuildPhase section */
/* Begin XCBuildConfiguration section */
		FA3C7BB742084F7BB0CB0DDA /* Debug */ = {isa = XCBuildConfiguration; buildSettings = {
				ALWAYS_SEARCH_USER_PATHS = NO;
				CLANG_ANALYZER_NONNULL = YES;
				CLANG_CXX_LANGUAGE_STANDARD = "gnu++20";
				CLANG_ENABLE_MODULES = YES;
				CLANG_ENABLE_OBJC_ARC = YES;
				COPY_PHASE_STRIP = NO;
				DEBUG_INFORMATION_FORMAT = dwarf;
				ENABLE_STRICT_OBJC_MSGSEND = YES;
				ENABLE_TESTABILITY = YES;
				GCC_DYNAMIC_NO_PIC = NO;
				GCC_OPTIMIZATION_LEVEL = 0;
				GCC_PREPROCESSOR_DEFINITIONS = ("DEBUG=1", "$(inherited)");
				MTL_ENABLE_DEBUG_INFO = INCLUDE_SOURCE;
				ONLY_ACTIVE_ARCH = YES;
				SWIFT_ACTIVE_COMPILATION_CONDITIONS = "DEBUG";
				SWIFT_OPTIMIZATION_LEVEL = "-Onone";
			}; name = "Debug"; };
		1E20E8D32CA041588EE021C8 /* Release */ = {isa = XCBuildConfiguration; buildSettings = {
				ALWAYS_SEARCH_USER_PATHS = NO;
				CLANG_ANALYZER_NONNULL = YES;
				CLANG_CXX_LANGUAGE_STANDARD = "gnu++20";
				CLANG_ENABLE_MODULES = YES;
				CLANG_ENABLE_OBJC_ARC = YES;
				COPY_PHASE_STRIP = NO;
				DEBUG_INFORMATION_FORMAT = "dwarf-with-dsym";
				ENABLE_NS_ASSERTIONS = NO;
				ENABLE_STRICT_OBJC_MSGSEND = YES;
				GCC_OPTIMIZATION_LEVEL = s;
				MTL_ENABLE_DEBUG_INFO = NO;
				SWIFT_COMPILATION_MODE = wholemodule;
				SWIFT_OPTIMIZATION_LEVEL = "-O";
				VALIDATE_PRODUCT = YES;
			}; name = "Release"; };
		87B709D861EA461FBAD27760 /* Debug */ = {isa = XCBuildConfiguration; buildSettings = {
				ASSETCATALOG_COMPILER_APPICON_NAME = AppIcon;
				CODE_SIGN_ENTITLEMENTS = "ClipboardManager/ClipboardManager.entitlements";
				CODE_SIGN_STYLE = Automatic;
				COMBINE_HIDPI_IMAGES = YES;
				CURRENT_PROJECT_VERSION = 1;
				DEVELOPMENT_TEAM = "";
				ENABLE_HARDENED_RUNTIME = YES;
				GENERATE_INFOPLIST_FILE = YES;
				INFOPLIST_FILE = "ClipboardManager/Info.plist";
				INFOPLIST_KEY_LSApplicationCategoryType = "public.app-category.utilities";
				INFOPLIST_KEY_NSHumanReadableCopyright = "Copyright © 2026. All rights reserved.";
				LD_RUNPATH_SEARCH_PATHS = ("$(inherited)", "@executable_path/../Frameworks");
				MACOSX_DEPLOYMENT_TARGET = 14.0;
				MARKETING_VERSION = 1.0;
				PRODUCT_BUNDLE_IDENTIFIER = com.historyclipboard.app;
				PRODUCT_NAME = "$(TARGET_NAME)";
				SWIFT_EMIT_LOC_STRINGS = YES;
				SWIFT_VERSION = 6.0;
			}; name = "Debug"; };
		99471E4A426F4048996872C7 /* Release */ = {isa = XCBuildConfiguration; buildSettings = {
				ASSETCATALOG_COMPILER_APPICON_NAME = AppIcon;
				CODE_SIGN_ENTITLEMENTS = "ClipboardManager/ClipboardManager.entitlements";
				CODE_SIGN_STYLE = Automatic;
				COMBINE_HIDPI_IMAGES = YES;
				CURRENT_PROJECT_VERSION = 1;
				DEVELOPMENT_TEAM = "";
				ENABLE_HARDENED_RUNTIME = YES;
				GENERATE_INFOPLIST_FILE = YES;
				INFOPLIST_FILE = "ClipboardManager/Info.plist";
				INFOPLIST_KEY_LSApplicationCategoryType = "public.app-category.utilities";
				INFOPLIST_KEY_NSHumanReadableCopyright = "Copyright © 2026. All rights reserved.";
				LD_RUNPATH_SEARCH_PATHS = ("$(inherited)", "@executable_path/../Frameworks");
				MACOSX_DEPLOYMENT_TARGET = 14.0;
				MARKETING_VERSION = 1.0;
				PRODUCT_BUNDLE_IDENTIFIER = com.historyclipboard.app;
				PRODUCT_NAME = "$(TARGET_NAME)";
				SWIFT_EMIT_LOC_STRINGS = YES;
				SWIFT_VERSION = 6.0;
			}; name = "Release"; };
/* End XCBuildConfiguration section */
/* Begin XCConfigurationList section */
		E51D2F43C827492B99BE70A9 /* Build configuration list */ = {isa = XCConfigurationList; defaultConfigurationName = "Release"; buildConfigurations = (FA3C7BB742084F7BB0CB0DDA, 1E20E8D32CA041588EE021C8); };
		05044BB4E8714C4DA4DC9E58 /* Build configuration list */ = {isa = XCConfigurationList; defaultConfigurationName = "Release"; buildConfigurations = (87B709D861EA461FBAD27760, 99471E4A426F4048996872C7); };
/* End XCConfigurationList section */

	};
	rootObject = EA1721212DA846948E56112B /* Project object */;
}
